
Microsoft Visual Studio Solution File, Format Version 12.00
# Visual Studio Version 17
VisualStudioVersion = 17.5.33424.131
MinimumVisualStudioVersion = 10.0.40219.1
Project("{FAE04EC0-301F-11D3-BF4B-00C04F79EFBC}") = "GUI", "GUI\GUI.csproj", "{499B46AB-E102-4375-A570-EAA46206EE86}"
EndProject
Project("{FAE04EC0-301F-11D3-BF4B-00C04F79EFBC}") = "Logica", "Logica\Logica.csproj", "{D528AFF7-93C0-47BE-A367-EA73F79A0BF3}"
EndProject
Project("{FAE04EC0-301F-11D3-BF4B-00C04F79EFBC}") = "Datos", "Datos\Datos.csproj", "{C3781863-B500-4907-BAC8-C4E9FBB2E8FE}"
EndProject
Project("{FAE04EC0-301F-11D3-BF4B-00C04F79EFBC}") = "Entidades", "Entidades\Entidades.csproj", "{F696C2CF-2C0D-4CEF-8A5A-68360EA91C6B}"
EndProject
Global
	GlobalSection(SolutionConfigurationPlatforms) = preSolution
		Debug|Any CPU = Debug|Any CPU
		Release|Any CPU = Release|Any CPU
	EndGlobalSection
	GlobalSection(ProjectConfigurationPlatforms) = postSolution
		{499B46AB-E102-4375-A570-EAA46206EE86}.Debug|Any CPU.ActiveCfg = Debug|Any CPU
		{499B46AB-E102-4375-A570-EAA46206EE86}.Debug|Any CPU.Build.0 = Debug|Any CPU
		{499B46AB-E102-4375-A570-EAA46206EE86}.Release|Any CPU.ActiveCfg = Release|Any CPU
		{499B46AB-E102-4375-A570-EAA46206EE86}.Release|Any CPU.Build.0 = Release|Any CPU
		{D528AFF7-93C0-47BE-A367-EA73F79A0BF3}.Debug|Any CPU.ActiveCfg = Debug|Any CPU
		{D528AFF7-93C0-47BE-A367-EA73F79A0BF3}.Debug|Any CPU.Build.0 = Debug|Any CPU
		{D528AFF7-93C0-47BE-A367-EA73F79A0BF3}.Release|Any CPU.ActiveCfg = Release|Any CPU
		{D528AFF7-93C0-47BE-A367-EA73F79A0BF3}.Release|Any CPU.Build.0 = Release|Any CPU
		{C3781863-B500-4907-BAC8-C4E9FBB2E8FE}.Debug|Any CPU.ActiveCfg = Debug|Any CPU
		{C3781863-B500-4907-BAC8-C4E9FBB2E8FE}.Debug|Any CPU.Build.0 = Debug|Any CPU
		{C3781863-B500-4907-BAC8-C4E9FBB2E8FE}.Release|Any CPU.ActiveCfg = Release|Any CPU
		{C3781863-B500-4907-BAC8-C4E9FBB2E8FE}.Release|Any CPU.Build.0 = Release|Any CPU
		{F696C2CF-2C0D-4CEF-8A5A-68360EA91C6B}.Debug|Any CPU.ActiveCfg = Debug|Any CPU
		{F696C2CF-2C0D-4CEF-8A5A-68360EA91C6B}.Debug|Any CPU.Build.0 = Debug|Any CPU
		{F696C2CF-2C0D-4CEF-8A5A-68360EA91C6B}.Release|Any CPU.ActiveCfg = Release|Any CPU
		{F696C2CF-2C0D-4CEF-8A5A-68360EA91C6B}.Release|Any CPU.Build.0 = Release|Any CPU
	EndGlobalSection
	GlobalSection(SolutionProperties) = preSolution
		HideSolutionNode = FALSE
	EndGlobalSection
	GlobalSection(ExtensibilityGlobals) = postSolution
		SolutionGuid = {FF299694-843F-420F-92F5-B7244CB95CE1}
	EndGlobalSection
EndGlobal
